
Microsoft Visual Studio Solution File, Format Version 12.00
# Visual Studio 15
VisualStudioVersion = 15.0.28307.1062
MinimumVisualStudioVersion = 10.0.40219.1
Project("{159641D6-6404-4A2A-AE62-294DE0FE8301}") = "Project2_Employee_DavidLiu", "Project2_Employee_DavidLiu\Project2_Employee_DavidLiu.dtproj", "{167480A5-74E8-402D-89F1-99AB73D2AAF9}"
EndProject
Global
	GlobalSection(SolutionConfigurationPlatforms) = preSolution
		Development|Default = Development|Default
	EndGlobalSection
	GlobalSection(ProjectConfigurationPlatforms) = postSolution
		{167480A5-74E8-402D-89F1-99AB73D2AAF9}.Development|Default.ActiveCfg = Development
		{167480A5-74E8-402D-89F1-99AB73D2AAF9}.Development|Default.Build.0 = Development
	EndGlobalSection
	GlobalSection(SolutionProperties) = preSolution
		HideSolutionNode = FALSE
	EndGlobalSection
	GlobalSection(ExtensibilityGlobals) = postSolution
		SolutionGuid = {634A9D01-DFEC-41F0-B316-B14FFEFD9158}
	EndGlobalSection
EndGlobal
