
Microsoft Visual Studio Solution File, Format Version 12.00
# Visual Studio 15
VisualStudioVersion = 15.0.28307.1062
MinimumVisualStudioVersion = 10.0.40219.1
Project("{D2ABAB84-BF74-430A-B69E-9DC6D40DDA17}") = "PetStoreEDWMDProg", "PetStoreEDWMDProg\PetStoreEDWMDProg.dwproj", "{C752C89C-E776-44A5-98FC-6C1297BE0BDA}"
EndProject
Global
	GlobalSection(SolutionConfigurationPlatforms) = preSolution
		Development|Default = Development|Default
	EndGlobalSection
	GlobalSection(ProjectConfigurationPlatforms) = postSolution
		{C752C89C-E776-44A5-98FC-6C1297BE0BDA}.Development|Default.ActiveCfg = Development
		{C752C89C-E776-44A5-98FC-6C1297BE0BDA}.Development|Default.Build.0 = Development
		{C752C89C-E776-44A5-98FC-6C1297BE0BDA}.Development|Default.Deploy.0 = Development
	EndGlobalSection
	GlobalSection(SolutionProperties) = preSolution
		HideSolutionNode = FALSE
	EndGlobalSection
	GlobalSection(ExtensibilityGlobals) = postSolution
		SolutionGuid = {7FC0A38D-D340-41A8-8CEA-C30D75CBD11D}
	EndGlobalSection
EndGlobal
